
Microsoft Visual Studio Solution File, Format Version 12.00
# Visual Studio Version 16
VisualStudioVersion = 16.0.32002.261
MinimumVisualStudioVersion = 10.0.40219.1
Project("{FAE04EC0-301F-11D3-BF4B-00C04F79EFBC}") = "XamarinTextToImageDemoApp.UWP", "XamarinTextToImageDemoApp\XamarinTextToImageDemoApp.UWP\XamarinTextToImageDemoApp.UWP.csproj", "{0ECCDDF1-6A23-4946-974B-A423A2FD9797}"
EndProject
Project("{FAE04EC0-301F-11D3-BF4B-00C04F79EFBC}") = "XamarinTextToImageDemoApp.Android", "XamarinTextToImageDemoApp\XamarinTextToImageDemoApp.Android\XamarinTextToImageDemoApp.Android.csproj", "{EC9ED72A-A890-4B1D-9653-D376B0512D08}"
EndProject
Project("{FAE04EC0-301F-11D3-BF4B-00C04F79EFBC}") = "XamarinTextToImageDemoApp.iOS", "XamarinTextToImageDemoApp\XamarinTextToImageDemoApp.iOS\XamarinTextToImageDemoApp.iOS.csproj", "{68C46FCF-C454-4449-A3B4-8A06E6649FCE}"
EndProject
Project("{FAE04EC0-301F-11D3-BF4B-00C04F79EFBC}") = "XamarinTextToImageDemoApp", "XamarinTextToImageDemoApp\XamarinTextToImageDemoApp\XamarinTextToImageDemoApp.csproj", "{01C42B41-8F9B-4262-98EC-77AE4D88C60B}"
EndProject
Global
	GlobalSection(SolutionConfigurationPlatforms) = preSolution
		Debug|Any CPU = Debug|Any CPU
		Debug|ARM = Debug|ARM
		Debug|iPhone = Debug|iPhone
		Debug|iPhoneSimulator = Debug|iPhoneSimulator
		Debug|x64 = Debug|x64
		Debug|x86 = Debug|x86
		Release|Any CPU = Release|Any CPU
		Release|ARM = Release|ARM
		Release|iPhone = Release|iPhone
		Release|iPhoneSimulator = Release|iPhoneSimulator
		Release|x64 = Release|x64
		Release|x86 = Release|x86
	EndGlobalSection
	GlobalSection(ProjectConfigurationPlatforms) = postSolution
		{0ECCDDF1-6A23-4946-974B-A423A2FD9797}.Debug|Any CPU.ActiveCfg = Debug|x86
		{0ECCDDF1-6A23-4946-974B-A423A2FD9797}.Debug|Any CPU.Build.0 = Debug|x86
		{0ECCDDF1-6A23-4946-974B-A423A2FD9797}.Debug|Any CPU.Deploy.0 = Debug|x86
		{0ECCDDF1-6A23-4946-974B-A423A2FD9797}.Debug|ARM.ActiveCfg = Debug|ARM
		{0ECCDDF1-6A23-4946-974B-A423A2FD9797}.Debug|ARM.Build.0 = Debug|ARM
		{0ECCDDF1-6A23-4946-974B-A423A2FD9797}.Debug|ARM.Deploy.0 = Debug|ARM
		{0ECCDDF1-6A23-4946-974B-A423A2FD9797}.Debug|iPhone.ActiveCfg = Debug|x86
		{0ECCDDF1-6A23-4946-974B-A423A2FD9797}.Debug|iPhone.Build.0 = Debug|x86
		{0ECCDDF1-6A23-4946-974B-A423A2FD9797}.Debug|iPhone.Deploy.0 = Debug|x86
		{0ECCDDF1-6A23-4946-974B-A423A2FD9797}.Debug|iPhoneSimulator.ActiveCfg = Debug|x86
		{0ECCDDF1-6A23-4946-974B-A423A2FD9797}.Debug|iPhoneSimulator.Build.0 = Debug|x86
		{0ECCDDF1-6A23-4946-974B-A423A2FD9797}.Debug|iPhoneSimulator.Deploy.0 = Debug|x86
		{0ECCDDF1-6A23-4946-974B-A423A2FD9797}.Debug|x64.ActiveCfg = Debug|x64
		{0ECCDDF1-6A23-4946-974B-A423A2FD9797}.Debug|x64.Build.0 = Debug|x64
		{0ECCDDF1-6A23-4946-974B-A423A2FD9797}.Debug|x64.Deploy.0 = Debug|x64
		{0ECCDDF1-6A23-4946-974B-A423A2FD9797}.Debug|x86.ActiveCfg = Debug|x86
		{0ECCDDF1-6A23-4946-974B-A423A2FD9797}.Debug|x86.Build.0 = Debug|x86
		{0ECCDDF1-6A23-4946-974B-A423A2FD9797}.Debug|x86.Deploy.0 = Debug|x86
		{0ECCDDF1-6A23-4946-974B-A423A2FD9797}.Release|Any CPU.ActiveCfg = Release|x86
		{0ECCDDF1-6A23-4946-974B-A423A2FD9797}.Release|Any CPU.Build.0 = Release|x86
		{0ECCDDF1-6A23-4946-974B-A423A2FD9797}.Release|Any CPU.Deploy.0 = Release|x86
		{0ECCDDF1-6A23-4946-974B-A423A2FD9797}.Release|ARM.ActiveCfg = Release|ARM
		{0ECCDDF1-6A23-4946-974B-A423A2FD9797}.Release|ARM.Build.0 = Release|ARM
		{0ECCDDF1-6A23-4946-974B-A423A2FD9797}.Release|ARM.Deploy.0 = Release|ARM
		{0ECCDDF1-6A23-4946-974B-A423A2FD9797}.Release|iPhone.ActiveCfg = Release|x86
		{0ECCDDF1-6A23-4946-974B-A423A2FD9797}.Release|iPhone.Build.0 = Release|x86
		{0ECCDDF1-6A23-4946-974B-A423A2FD9797}.Release|iPhone.Deploy.0 = Release|x86
		{0ECCDDF1-6A23-4946-974B-A423A2FD9797}.Release|iPhoneSimulator.ActiveCfg = Release|x86
		{0ECCDDF1-6A23-4946-974B-A423A2FD9797}.Release|iPhoneSimulator.Build.0 = Release|x86
		{0ECCDDF1-6A23-4946-974B-A423A2FD9797}.Release|iPhoneSimulator.Deploy.0 = Release|x86
		{0ECCDDF1-6A23-4946-974B-A423A2FD9797}.Release|x64.ActiveCfg = Release|x64
		{0ECCDDF1-6A23-4946-974B-A423A2FD9797}.Release|x64.Build.0 = Release|x64
		{0ECCDDF1-6A23-4946-974B-A423A2FD9797}.Release|x64.Deploy.0 = Release|x64
		{0ECCDDF1-6A23-4946-974B-A423A2FD9797}.Release|x86.ActiveCfg = Release|x86
		{0ECCDDF1-6A23-4946-974B-A423A2FD9797}.Release|x86.Build.0 = Release|x86
		{0ECCDDF1-6A23-4946-974B-A423A2FD9797}.Release|x86.Deploy.0 = Release|x86
		{EC9ED72A-A890-4B1D-9653-D376B0512D08}.Debug|Any CPU.ActiveCfg = Debug|Any CPU
		{EC9ED72A-A890-4B1D-9653-D376B0512D08}.Debug|Any CPU.Build.0 = Debug|Any CPU
		{EC9ED72A-A890-4B1D-9653-D376B0512D08}.Debug|Any CPU.Deploy.0 = Debug|Any CPU
		{EC9ED72A-A890-4B1D-9653-D376B0512D08}.Debug|ARM.ActiveCfg = Debug|Any CPU
		{EC9ED72A-A890-4B1D-9653-D376B0512D08}.Debug|ARM.Build.0 = Debug|Any CPU
		{EC9ED72A-A890-4B1D-9653-D376B0512D08}.Debug|ARM.Deploy.0 = Debug|Any CPU
		{EC9ED72A-A890-4B1D-9653-D376B0512D08}.Debug|iPhone.ActiveCfg = Debug|Any CPU
		{EC9ED72A-A890-4B1D-9653-D376B0512D08}.Debug|iPhone.Build.0 = Debug|Any CPU
		{EC9ED72A-A890-4B1D-9653-D376B0512D08}.Debug|iPhone.Deploy.0 = Debug|Any CPU
		{EC9ED72A-A890-4B1D-9653-D376B0512D08}.Debug|iPhoneSimulator.ActiveCfg = Debug|Any CPU
		{EC9ED72A-A890-4B1D-9653-D376B0512D08}.Debug|iPhoneSimulator.Build.0 = Debug|Any CPU
		{EC9ED72A-A890-4B1D-9653-D376B0512D08}.Debug|iPhoneSimulator.Deploy.0 = Debug|Any CPU
		{EC9ED72A-A890-4B1D-9653-D376B0512D08}.Debug|x64.ActiveCfg = Debug|Any CPU
		{EC9ED72A-A890-4B1D-9653-D376B0512D08}.Debug|x64.Build.0 = Debug|Any CPU
		{EC9ED72A-A890-4B1D-9653-D376B0512D08}.Debug|x64.Deploy.0 = Debug|Any CPU
		{EC9ED72A-A890-4B1D-9653-D376B0512D08}.Debug|x86.ActiveCfg = Debug|Any CPU
		{EC9ED72A-A890-4B1D-9653-D376B0512D08}.Debug|x86.Build.0 = Debug|Any CPU
		{EC9ED72A-A890-4B1D-9653-D376B0512D08}.Debug|x86.Deploy.0 = Debug|Any CPU
		{EC9ED72A-A890-4B1D-9653-D376B0512D08}.Release|Any CPU.ActiveCfg = Release|Any CPU
		{EC9ED72A-A890-4B1D-9653-D376B0512D08}.Release|Any CPU.Build.0 = Release|Any CPU
		{EC9ED72A-A890-4B1D-9653-D376B0512D08}.Release|Any CPU.Deploy.0 = Release|Any CPU
		{EC9ED72A-A890-4B1D-9653-D376B0512D08}.Release|ARM.ActiveCfg = Release|Any CPU
		{EC9ED72A-A890-4B1D-9653-D376B0512D08}.Release|ARM.Build.0 = Release|Any CPU
		{EC9ED72A-A890-4B1D-9653-D376B0512D08}.Release|ARM.Deploy.0 = Release|Any CPU
		{EC9ED72A-A890-4B1D-9653-D376B0512D08}.Release|iPhone.ActiveCfg = Release|Any CPU
		{EC9ED72A-A890-4B1D-9653-D376B0512D08}.Release|iPhone.Build.0 = Release|Any CPU
		{EC9ED72A-A890-4B1D-9653-D376B0512D08}.Release|iPhone.Deploy.0 = Release|Any CPU
		{EC9ED72A-A890-4B1D-9653-D376B0512D08}.Release|iPhoneSimulator.ActiveCfg = Release|Any CPU
		{EC9ED72A-A890-4B1D-9653-D376B0512D08}.Release|iPhoneSimulator.Build.0 = Release|Any CPU
		{EC9ED72A-A890-4B1D-9653-D376B0512D08}.Release|iPhoneSimulator.Deploy.0 = Release|Any CPU
		{EC9ED72A-A890-4B1D-9653-D376B0512D08}.Release|x64.ActiveCfg = Release|Any CPU
		{EC9ED72A-A890-4B1D-9653-D376B0512D08}.Release|x64.Build.0 = Release|Any CPU
		{EC9ED72A-A890-4B1D-9653-D376B0512D08}.Release|x64.Deploy.0 = Release|Any CPU
		{EC9ED72A-A890-4B1D-9653-D376B0512D08}.Release|x86.ActiveCfg = Release|Any CPU
		{EC9ED72A-A890-4B1D-9653-D376B0512D08}.Release|x86.Build.0 = Release|Any CPU
		{EC9ED72A-A890-4B1D-9653-D376B0512D08}.Release|x86.Deploy.0 = Release|Any CPU
		{68C46FCF-C454-4449-A3B4-8A06E6649FCE}.Debug|Any CPU.ActiveCfg = Debug|iPhoneSimulator
		{68C46FCF-C454-4449-A3B4-8A06E6649FCE}.Debug|Any CPU.Build.0 = Debug|iPhoneSimulator
		{68C46FCF-C454-4449-A3B4-8A06E6649FCE}.Debug|Any CPU.Deploy.0 = Debug|iPhoneSimulator
		{68C46FCF-C454-4449-A3B4-8A06E6649FCE}.Debug|ARM.ActiveCfg = Debug|iPhone
		{68C46FCF-C454-4449-A3B4-8A06E6649FCE}.Debug|ARM.Build.0 = Debug|iPhone
		{68C46FCF-C454-4449-A3B4-8A06E6649FCE}.Debug|ARM.Deploy.0 = Debug|iPhone
		{68C46FCF-C454-4449-A3B4-8A06E6649FCE}.Debug|iPhone.ActiveCfg = Debug|iPhone
		{68C46FCF-C454-4449-A3B4-8A06E6649FCE}.Debug|iPhone.Build.0 = Debug|iPhone
		{68C46FCF-C454-4449-A3B4-8A06E6649FCE}.Debug|iPhone.Deploy.0 = Debug|iPhone
		{68C46FCF-C454-4449-A3B4-8A06E6649FCE}.Debug|iPhoneSimulator.ActiveCfg = Debug|iPhoneSimulator
		{68C46FCF-C454-4449-A3B4-8A06E6649FCE}.Debug|iPhoneSimulator.Build.0 = Debug|iPhoneSimulator
		{68C46FCF-C454-4449-A3B4-8A06E6649FCE}.Debug|iPhoneSimulator.Deploy.0 = Debug|iPhoneSimulator
		{68C46FCF-C454-4449-A3B4-8A06E6649FCE}.Debug|x64.ActiveCfg = Debug|iPhoneSimulator
		{68C46FCF-C454-4449-A3B4-8A06E6649FCE}.Debug|x64.Build.0 = Debug|iPhoneSimulator
		{68C46FCF-C454-4449-A3B4-8A06E6649FCE}.Debug|x64.Deploy.0 = Debug|iPhoneSimulator
		{68C46FCF-C454-4449-A3B4-8A06E6649FCE}.Debug|x86.ActiveCfg = Debug|iPhoneSimulator
		{68C46FCF-C454-4449-A3B4-8A06E6649FCE}.Debug|x86.Build.0 = Debug|iPhoneSimulator
		{68C46FCF-C454-4449-A3B4-8A06E6649FCE}.Debug|x86.Deploy.0 = Debug|iPhoneSimulator
		{68C46FCF-C454-4449-A3B4-8A06E6649FCE}.Release|Any CPU.ActiveCfg = Release|iPhoneSimulator
		{68C46FCF-C454-4449-A3B4-8A06E6649FCE}.Release|Any CPU.Build.0 = Release|iPhoneSimulator
		{68C46FCF-C454-4449-A3B4-8A06E6649FCE}.Release|Any CPU.Deploy.0 = Release|iPhoneSimulator
		{68C46FCF-C454-4449-A3B4-8A06E6649FCE}.Release|ARM.ActiveCfg = Release|iPhoneSimulator
		{68C46FCF-C454-4449-A3B4-8A06E6649FCE}.Release|ARM.Build.0 = Release|iPhoneSimulator
		{68C46FCF-C454-4449-A3B4-8A06E6649FCE}.Release|ARM.Deploy.0 = Release|iPhoneSimulator
		{68C46FCF-C454-4449-A3B4-8A06E6649FCE}.Release|iPhone.ActiveCfg = Release|iPhone
		{68C46FCF-C454-4449-A3B4-8A06E6649FCE}.Release|iPhone.Build.0 = Release|iPhone
		{68C46FCF-C454-4449-A3B4-8A06E6649FCE}.Release|iPhone.Deploy.0 = Release|iPhone
		{68C46FCF-C454-4449-A3B4-8A06E6649FCE}.Release|iPhoneSimulator.ActiveCfg = Release|iPhoneSimulator
		{68C46FCF-C454-4449-A3B4-8A06E6649FCE}.Release|iPhoneSimulator.Build.0 = Release|iPhoneSimulator
		{68C46FCF-C454-4449-A3B4-8A06E6649FCE}.Release|iPhoneSimulator.Deploy.0 = Release|iPhoneSimulator
		{68C46FCF-C454-4449-A3B4-8A06E6649FCE}.Release|x64.ActiveCfg = Release|iPhoneSimulator
		{68C46FCF-C454-4449-A3B4-8A06E6649FCE}.Release|x64.Build.0 = Release|iPhoneSimulator
		{68C46FCF-C454-4449-A3B4-8A06E6649FCE}.Release|x64.Deploy.0 = Release|iPhoneSimulator
		{68C46FCF-C454-4449-A3B4-8A06E6649FCE}.Release|x86.ActiveCfg = Release|iPhoneSimulator
		{68C46FCF-C454-4449-A3B4-8A06E6649FCE}.Release|x86.Build.0 = Release|iPhoneSimulator
		{68C46FCF-C454-4449-A3B4-8A06E6649FCE}.Release|x86.Deploy.0 = Release|iPhoneSimulator
		{01C42B41-8F9B-4262-98EC-77AE4D88C60B}.Debug|Any CPU.ActiveCfg = Debug|Any CPU
		{01C42B41-8F9B-4262-98EC-77AE4D88C60B}.Debug|Any CPU.Build.0 = Debug|Any CPU
		{01C42B41-8F9B-4262-98EC-77AE4D88C60B}.Debug|Any CPU.Deploy.0 = Debug|Any CPU
		{01C42B41-8F9B-4262-98EC-77AE4D88C60B}.Debug|ARM.ActiveCfg = Debug|Any CPU
		{01C42B41-8F9B-4262-98EC-77AE4D88C60B}.Debug|ARM.Build.0 = Debug|Any CPU
		{01C42B41-8F9B-4262-98EC-77AE4D88C60B}.Debug|ARM.Deploy.0 = Debug|Any CPU
		{01C42B41-8F9B-4262-98EC-77AE4D88C60B}.Debug|iPhone.ActiveCfg = Debug|Any CPU
		{01C42B41-8F9B-4262-98EC-77AE4D88C60B}.Debug|iPhone.Build.0 = Debug|Any CPU
		{01C42B41-8F9B-4262-98EC-77AE4D88C60B}.Debug|iPhone.Deploy.0 = Debug|Any CPU
		{01C42B41-8F9B-4262-98EC-77AE4D88C60B}.Debug|iPhoneSimulator.ActiveCfg = Debug|Any CPU
		{01C42B41-8F9B-4262-98EC-77AE4D88C60B}.Debug|iPhoneSimulator.Build.0 = Debug|Any CPU
		{01C42B41-8F9B-4262-98EC-77AE4D88C60B}.Debug|iPhoneSimulator.Deploy.0 = Debug|Any CPU
		{01C42B41-8F9B-4262-98EC-77AE4D88C60B}.Debug|x64.ActiveCfg = Debug|Any CPU
		{01C42B41-8F9B-4262-98EC-77AE4D88C60B}.Debug|x64.Build.0 = Debug|Any CPU
		{01C42B41-8F9B-4262-98EC-77AE4D88C60B}.Debug|x64.Deploy.0 = Debug|Any CPU
		{01C42B41-8F9B-4262-98EC-77AE4D88C60B}.Debug|x86.ActiveCfg = Debug|Any CPU
		{01C42B41-8F9B-4262-98EC-77AE4D88C60B}.Debug|x86.Build.0 = Debug|Any CPU
		{01C42B41-8F9B-4262-98EC-77AE4D88C60B}.Debug|x86.Deploy.0 = Debug|Any CPU
		{01C42B41-8F9B-4262-98EC-77AE4D88C60B}.Release|Any CPU.ActiveCfg = Release|Any CPU
		{01C42B41-8F9B-4262-98EC-77AE4D88C60B}.Release|Any CPU.Build.0 = Release|Any CPU
		{01C42B41-8F9B-4262-98EC-77AE4D88C60B}.Release|Any CPU.Deploy.0 = Release|Any CPU
		{01C42B41-8F9B-4262-98EC-77AE4D88C60B}.Release|ARM.ActiveCfg = Release|Any CPU
		{01C42B41-8F9B-4262-98EC-77AE4D88C60B}.Release|ARM.Build.0 = Release|Any CPU
		{01C42B41-8F9B-4262-98EC-77AE4D88C60B}.Release|ARM.Deploy.0 = Release|Any CPU
		{01C42B41-8F9B-4262-98EC-77AE4D88C60B}.Release|iPhone.ActiveCfg = Release|Any CPU
		{01C42B41-8F9B-4262-98EC-77AE4D88C60B}.Release|iPhone.Build.0 = Release|Any CPU
		{01C42B41-8F9B-4262-98EC-77AE4D88C60B}.Release|iPhone.Deploy.0 = Release|Any CPU
		{01C42B41-8F9B-4262-98EC-77AE4D88C60B}.Release|iPhoneSimulator.ActiveCfg = Release|Any CPU
		{01C42B41-8F9B-4262-98EC-77AE4D88C60B}.Release|iPhoneSimulator.Build.0 = Release|Any CPU
		{01C42B41-8F9B-4262-98EC-77AE4D88C60B}.Release|iPhoneSimulator.Deploy.0 = Release|Any CPU
		{01C42B41-8F9B-4262-98EC-77AE4D88C60B}.Release|x64.ActiveCfg = Release|Any CPU
		{01C42B41-8F9B-4262-98EC-77AE4D88C60B}.Release|x64.Build.0 = Release|Any CPU
		{01C42B41-8F9B-4262-98EC-77AE4D88C60B}.Release|x64.Deploy.0 = Release|Any CPU
		{01C42B41-8F9B-4262-98EC-77AE4D88C60B}.Release|x86.ActiveCfg = Release|Any CPU
		{01C42B41-8F9B-4262-98EC-77AE4D88C60B}.Release|x86.Build.0 = Release|Any CPU
		{01C42B41-8F9B-4262-98EC-77AE4D88C60B}.Release|x86.Deploy.0 = Release|Any CPU
	EndGlobalSection
	GlobalSection(SolutionProperties) = preSolution
		HideSolutionNode = FALSE
	EndGlobalSection
	GlobalSection(ExtensibilityGlobals) = postSolution
		SolutionGuid = {137F2B6A-51CA-4155-993D-658C79E86A91}
	EndGlobalSection
EndGlobal
